
Microsoft Visual Studio Solution File, Format Version 12.00
# Visual Studio Version 16
VisualStudioVersion = 16.0.29519.181
MinimumVisualStudioVersion = 10.0.40219.1
Project("{FAE04EC0-301F-11D3-BF4B-00C04F79EFBC}") = "calculadora_de_edad", "calculadora_de_edad\calculadora_de_edad.csproj", "{D67D7A5D-0A59-40C7-868C-ED9FC336917E}"
EndProject
Global
	GlobalSection(SolutionConfigurationPlatforms) = preSolution
		Debug|Any CPU = Debug|Any CPU
		Release|Any CPU = Release|Any CPU
	EndGlobalSection
	GlobalSection(ProjectConfigurationPlatforms) = postSolution
		{D67D7A5D-0A59-40C7-868C-ED9FC336917E}.Debug|Any CPU.ActiveCfg = Debug|Any CPU
		{D67D7A5D-0A59-40C7-868C-ED9FC336917E}.Debug|Any CPU.Build.0 = Debug|Any CPU
		{D67D7A5D-0A59-40C7-868C-ED9FC336917E}.Release|Any CPU.ActiveCfg = Release|Any CPU
		{D67D7A5D-0A59-40C7-868C-ED9FC336917E}.Release|Any CPU.Build.0 = Release|Any CPU
	EndGlobalSection
	GlobalSection(SolutionProperties) = preSolution
		HideSolutionNode = FALSE
	EndGlobalSection
	GlobalSection(ExtensibilityGlobals) = postSolution
		SolutionGuid = {F4708AA4-618D-4E4D-848B-5F36E675BC00}
	EndGlobalSection
EndGlobal
